schema_version: 4
policy_id: ad-block
rules:
- rule_id: ad-block:domain_suffix:a553be552cfa0524
  global_rule_id: domain_suffix:a553be552cfa0524
  sha256: a553be552cfa0524b34b0dfcf1ef43b4846ba40c1ae83fe898029b26c830d151
  type: domain_suffix
  value: adservice.google.com
  priority: 1
  source_file: sources.yaml
  provenance: sources
- rule_id: ad-block:domain_suffix:aa7c49153818bf14
  global_rule_id: domain_suffix:aa7c49153818bf14
  sha256: aa7c49153818bf14f99f793dc1611339d45b46688cfd97041bc56304c42dd67b
  type: domain_suffix
  value: doubleclick.net
  priority: 1
  source_file: sources.yaml
  provenance: sources
- rule_id: ad-block:domain_suffix:189842825a30ad37
  global_rule_id: domain_suffix:189842825a30ad37
  sha256: 189842825a30ad37637e8d7f2e892e0719b1658029197bbc4dd68b2e787fa30a
  type: domain_suffix
  value: googleadservices.com
  priority: 1
  source_file: sources.yaml
  provenance: sources
- rule_id: ad-block:domain_suffix:3d9ba04b240a07cd
  global_rule_id: domain_suffix:3d9ba04b240a07cd
  sha256: 3d9ba04b240a07cdccfc0bfeacd76cf3be7a16a76aa34e6986e645b05e00f623
  type: domain_suffix
  value: googlesyndication.com
  priority: 1
  source_file: sources.yaml
  provenance: sources
- rule_id: ad-block:domain_suffix:8a9d4f3d6c7f4b4a
  global_rule_id: domain_suffix:8a9d4f3d6c7f4b4a
  sha256: 8a9d4f3d6c7f4b4aa52d92e78b069645d9d25e26d458674e475606d55c79c9e0
  type: domain_suffix
  value: googletagmanager.com
  priority: 1
  source_file: sources.yaml
  provenance: sources
- rule_id: ad-block:domain_suffix:7d41e2372d02e630
  global_rule_id: domain_suffix:7d41e2372d02e630
  sha256: 7d41e2372d02e630400b4e8e51363a5222ce8bbb3a15779ff830a4b3e43b3fc8
  type: domain_suffix
  value: pagead.googlesyndication.com
  priority: 1
  source_file: sources.yaml
  provenance: sources
